
Microsoft Visual Studio Solution File, Format Version 12.00
# Visual Studio Version 17
VisualStudioVersion = 17.2.32602.215
MinimumVisualStudioVersion = 10.0.40219.1
Project("{FAE04EC0-301F-11D3-BF4B-00C04F79EFBC}") = "Authenticator", "ServiceOrientatedArchitecture\Authenticator.csproj", "{A7E3C2B1-44FC-4170-B04B-BB36207C419F}"
EndProject
Project("{FAE04EC0-301F-11D3-BF4B-00C04F79EFBC}") = "ServiceProvider", "ServiceProvider\ServiceProvider.csproj", "{7FE5A31F-B0A3-4F41-83AB-D56D0C43C0F1}"
EndProject
Project("{FAE04EC0-301F-11D3-BF4B-00C04F79EFBC}") = "APIClasses", "APIClasses\APIClasses.csproj", "{7494DF3C-C6B7-415B-9D7A-2D27C8D422FC}"
EndProject
Project("{FAE04EC0-301F-11D3-BF4B-00C04F79EFBC}") = "Registry", "Registry\Registry.csproj", "{F01FF9DE-D6ED-4DD1-9342-3815362E4536}"
EndProject
Project("{FAE04EC0-301F-11D3-BF4B-00C04F79EFBC}") = "ServicePublishing", "ServicePublishing\ServicePublishing.csproj", "{8B0369D5-8676-442B-945B-B8C659879C97}"
EndProject
Project("{FAE04EC0-301F-11D3-BF4B-00C04F79EFBC}") = "GUI", "GUI\GUI.csproj", "{8A2ED256-4BFA-495A-900A-EB7785739A2A}"
EndProject
Global
	GlobalSection(SolutionConfigurationPlatforms) = preSolution
		Debug|Any CPU = Debug|Any CPU
		Release|Any CPU = Release|Any CPU
	EndGlobalSection
	GlobalSection(ProjectConfigurationPlatforms) = postSolution
		{A7E3C2B1-44FC-4170-B04B-BB36207C419F}.Debug|Any CPU.ActiveCfg = Debug|Any CPU
		{A7E3C2B1-44FC-4170-B04B-BB36207C419F}.Debug|Any CPU.Build.0 = Debug|Any CPU
		{A7E3C2B1-44FC-4170-B04B-BB36207C419F}.Release|Any CPU.ActiveCfg = Release|Any CPU
		{A7E3C2B1-44FC-4170-B04B-BB36207C419F}.Release|Any CPU.Build.0 = Release|Any CPU
		{7FE5A31F-B0A3-4F41-83AB-D56D0C43C0F1}.Debug|Any CPU.ActiveCfg = Debug|Any CPU
		{7FE5A31F-B0A3-4F41-83AB-D56D0C43C0F1}.Debug|Any CPU.Build.0 = Debug|Any CPU
		{7FE5A31F-B0A3-4F41-83AB-D56D0C43C0F1}.Release|Any CPU.ActiveCfg = Release|Any CPU
		{7FE5A31F-B0A3-4F41-83AB-D56D0C43C0F1}.Release|Any CPU.Build.0 = Release|Any CPU
		{7494DF3C-C6B7-415B-9D7A-2D27C8D422FC}.Debug|Any CPU.ActiveCfg = Debug|Any CPU
		{7494DF3C-C6B7-415B-9D7A-2D27C8D422FC}.Debug|Any CPU.Build.0 = Debug|Any CPU
		{7494DF3C-C6B7-415B-9D7A-2D27C8D422FC}.Release|Any CPU.ActiveCfg = Release|Any CPU
		{7494DF3C-C6B7-415B-9D7A-2D27C8D422FC}.Release|Any CPU.Build.0 = Release|Any CPU
		{F01FF9DE-D6ED-4DD1-9342-3815362E4536}.Debug|Any CPU.ActiveCfg = Debug|Any CPU
		{F01FF9DE-D6ED-4DD1-9342-3815362E4536}.Debug|Any CPU.Build.0 = Debug|Any CPU
		{F01FF9DE-D6ED-4DD1-9342-3815362E4536}.Release|Any CPU.ActiveCfg = Release|Any CPU
		{F01FF9DE-D6ED-4DD1-9342-3815362E4536}.Release|Any CPU.Build.0 = Release|Any CPU
		{8B0369D5-8676-442B-945B-B8C659879C97}.Debug|Any CPU.ActiveCfg = Debug|Any CPU
		{8B0369D5-8676-442B-945B-B8C659879C97}.Debug|Any CPU.Build.0 = Debug|Any CPU
		{8B0369D5-8676-442B-945B-B8C659879C97}.Release|Any CPU.ActiveCfg = Release|Any CPU
		{8B0369D5-8676-442B-945B-B8C659879C97}.Release|Any CPU.Build.0 = Release|Any CPU
		{8A2ED256-4BFA-495A-900A-EB7785739A2A}.Debug|Any CPU.ActiveCfg = Debug|Any CPU
		{8A2ED256-4BFA-495A-900A-EB7785739A2A}.Debug|Any CPU.Build.0 = Debug|Any CPU
		{8A2ED256-4BFA-495A-900A-EB7785739A2A}.Release|Any CPU.ActiveCfg = Release|Any CPU
		{8A2ED256-4BFA-495A-900A-EB7785739A2A}.Release|Any CPU.Build.0 = Release|Any CPU
	EndGlobalSection
	GlobalSection(SolutionProperties) = preSolution
		HideSolutionNode = FALSE
	EndGlobalSection
	GlobalSection(ExtensibilityGlobals) = postSolution
		SolutionGuid = {6AF0B2B2-3E7D-45C6-92EF-64886411D652}
	EndGlobalSection
EndGlobal
